
Microsoft Visual Studio Solution File, Format Version 12.00
# Visual Studio Version 17
VisualStudioVersion = 17.8.34330.188
MinimumVisualStudioVersion = 10.0.40219.1
Project("{FAE04EC0-301F-11D3-BF4B-00C04F79EFBC}") = "WindowsService", "WindowsService\WindowsService.csproj", "{FB6D3B58-33DE-4ADB-B6E0-62EBF5DC1EF4}"
EndProject
Global
	GlobalSection(SolutionConfigurationPlatforms) = preSolution
		Debug|Any CPU = Debug|Any CPU
		Release|Any CPU = Release|Any CPU
	EndGlobalSection
	GlobalSection(ProjectConfigurationPlatforms) = postSolution
		{FB6D3B58-33DE-4ADB-B6E0-62EBF5DC1EF4}.Debug|Any CPU.ActiveCfg = Debug|Any CPU
		{FB6D3B58-33DE-4ADB-B6E0-62EBF5DC1EF4}.Debug|Any CPU.Build.0 = Debug|Any CPU
		{FB6D3B58-33DE-4ADB-B6E0-62EBF5DC1EF4}.Release|Any CPU.ActiveCfg = Release|Any CPU
		{FB6D3B58-33DE-4ADB-B6E0-62EBF5DC1EF4}.Release|Any CPU.Build.0 = Release|Any CPU
	EndGlobalSection
	GlobalSection(SolutionProperties) = preSolution
		HideSolutionNode = FALSE
	EndGlobalSection
	GlobalSection(ExtensibilityGlobals) = postSolution
		SolutionGuid = {819819B5-BD9F-4A73-86AA-9B475BBC2411}
	EndGlobalSection
EndGlobal
